<Solution>
  <Folder Name="/bench/">
    <Project Path="bench/Retro.Crt.Bench/Retro.Crt.Bench.csproj" />
  </Folder>
  <Folder Name="/samples/">
    <Project Path="samples/Retro.Crt.Demo/Retro.Crt.Demo.csproj" />
    <Project Path="samples/Retro.Crt.Themes.Demo/Retro.Crt.Themes.Demo.csproj" />
    <Project Path="samples/Retro.Crt.Matrix.Demo/Retro.Crt.Matrix.Demo.csproj" />
    <Project Path="samples/Retro.Crt.Boot.Demo/Retro.Crt.Boot.Demo.csproj" />
    <Project Path="samples/Retro.Crt.Capabilities.Demo/Retro.Crt.Capabilities.Demo.csproj" />
    <Project Path="samples/Retro.Crt.AltScreen.Demo/Retro.Crt.AltScreen.Demo.csproj" />
    <Project Path="samples/Retro.Crt.ScreenBuffer.Demo/Retro.Crt.ScreenBuffer.Demo.csproj" />
    <Project Path="samples/Retro.Crt.Input.Demo/Retro.Crt.Input.Demo.csproj" />
    <Project Path="samples/Retro.Crt.Tui.Demo/Retro.Crt.Tui.Demo.csproj" />
  </Folder>
  <Folder Name="/src/">
    <Project Path="src/Retro.Crt/Retro.Crt.csproj" />
    <Project Path="src/Retro.Crt.Tui/Retro.Crt.Tui.csproj" />
  </Folder>
  <Folder Name="/tests/">
    <Project Path="tests/Retro.Crt.Tests/Retro.Crt.Tests.csproj" />
    <Project Path="tests/Retro.Crt.Tui.Tests/Retro.Crt.Tui.Tests.csproj" />
  </Folder>
</Solution>
